
Microsoft Visual Studio Solution File, Format Version 12.00
# Visual Studio Version 17
VisualStudioVersion = 17.10.34916.146
MinimumVisualStudioVersion = 10.0.40219.1
Project("{9A19103F-16F7-4668-BE54-9A1E7A4F7556}") = "UT02_02_CodeFirst", "UT02_02_CodeFirst\UT02_02_CodeFirst.csproj", "{FA692E42-2530-4B47-AAD9-2F2401EB6A1F}"
EndProject
Project("{9A19103F-16F7-4668-BE54-9A1E7A4F7556}") = "UT02_02_DataBaseFirst", "UT02_02_DataBaseFirst\UT02_02_DataBaseFirst.csproj", "{86A9E7BF-32DC-4800-82CE-FFAB75C10712}"
EndProject
Project("{FAE04EC0-301F-11D3-BF4B-00C04F79EFBC}") = "UT02_02_Hibrido", "UT02_02_Hibrido\UT02_02_Hibrido.csproj", "{81691ACD-BF40-46DF-AE60-47BB0D67601A}"
EndProject
Global
	GlobalSection(SolutionConfigurationPlatforms) = preSolution
		Debug|Any CPU = Debug|Any CPU
		Release|Any CPU = Release|Any CPU
	EndGlobalSection
	GlobalSection(ProjectConfigurationPlatforms) = postSolution
		{FA692E42-2530-4B47-AAD9-2F2401EB6A1F}.Debug|Any CPU.ActiveCfg = Debug|Any CPU
		{FA692E42-2530-4B47-AAD9-2F2401EB6A1F}.Debug|Any CPU.Build.0 = Debug|Any CPU
		{FA692E42-2530-4B47-AAD9-2F2401EB6A1F}.Release|Any CPU.ActiveCfg = Release|Any CPU
		{FA692E42-2530-4B47-AAD9-2F2401EB6A1F}.Release|Any CPU.Build.0 = Release|Any CPU
		{86A9E7BF-32DC-4800-82CE-FFAB75C10712}.Debug|Any CPU.ActiveCfg = Debug|Any CPU
		{86A9E7BF-32DC-4800-82CE-FFAB75C10712}.Debug|Any CPU.Build.0 = Debug|Any CPU
		{86A9E7BF-32DC-4800-82CE-FFAB75C10712}.Release|Any CPU.ActiveCfg = Release|Any CPU
		{86A9E7BF-32DC-4800-82CE-FFAB75C10712}.Release|Any CPU.Build.0 = Release|Any CPU
		{81691ACD-BF40-46DF-AE60-47BB0D67601A}.Debug|Any CPU.ActiveCfg = Debug|Any CPU
		{81691ACD-BF40-46DF-AE60-47BB0D67601A}.Debug|Any CPU.Build.0 = Debug|Any CPU
		{81691ACD-BF40-46DF-AE60-47BB0D67601A}.Release|Any CPU.ActiveCfg = Release|Any CPU
		{81691ACD-BF40-46DF-AE60-47BB0D67601A}.Release|Any CPU.Build.0 = Release|Any CPU
	EndGlobalSection
	GlobalSection(SolutionProperties) = preSolution
		HideSolutionNode = FALSE
	EndGlobalSection
	GlobalSection(ExtensibilityGlobals) = postSolution
		SolutionGuid = {343DCFE2-2C50-4C3A-B553-673B51AF69D5}
	EndGlobalSection
EndGlobal
